
Microsoft Visual Studio Solution File, Format Version 12.00
# Visual Studio Version 17
VisualStudioVersion = 17.5.33424.131
MinimumVisualStudioVersion = 10.0.40219.1
Project("{FAE04EC0-301F-11D3-BF4B-00C04F79EFBC}") = "TextoEditor", "TextoEditor\TextoEditor.csproj", "{87F62E77-9CC3-471C-8C33-353C897EA287}"
EndProject
Global
	GlobalSection(SolutionConfigurationPlatforms) = preSolution
		Debug|Any CPU = Debug|Any CPU
		Release|Any CPU = Release|Any CPU
	EndGlobalSection
	GlobalSection(ProjectConfigurationPlatforms) = postSolution
		{87F62E77-9CC3-471C-8C33-353C897EA287}.Debug|Any CPU.ActiveCfg = Debug|Any CPU
		{87F62E77-9CC3-471C-8C33-353C897EA287}.Debug|Any CPU.Build.0 = Debug|Any CPU
		{87F62E77-9CC3-471C-8C33-353C897EA287}.Release|Any CPU.ActiveCfg = Release|Any CPU
		{87F62E77-9CC3-471C-8C33-353C897EA287}.Release|Any CPU.Build.0 = Release|Any CPU
	EndGlobalSection
	GlobalSection(SolutionProperties) = preSolution
		HideSolutionNode = FALSE
	EndGlobalSection
	GlobalSection(ExtensibilityGlobals) = postSolution
		SolutionGuid = {F24D27E4-E493-4B6B-B6FE-055682B5D6A9}
	EndGlobalSection
EndGlobal
